{
  "version": "0.0.0",
  "lockfileVersion": 1,
  "requires": true,
  "dependencies": {
    "@popperjs/core": {
      "version": "2.9.2",
      "resolved": "https://registry.npmjs.org/@popperjs/core/-/core-2.9.2.tgz",
      "integrity": "sha512-VZMYa7+fXHdwIq1TDhSXoVmSPEGM/aa+6Aiq3nVVJ9bXr24zScr+NlKFKC3iPljA7ho/GAZr+d2jOf5GIRC30Q=="
    },
    "@types/lodash": {
      "version": "4.14.171",
      "resolved": "https://registry.npmjs.org/@types/lodash/-/lodash-4.14.171.tgz",
      "integrity": "sha512-7eQ2xYLLI/LsicL2nejW9Wyko3lcpN6O/z0ZLHrEQsg280zIdCv1t/0m6UtBjUHokCGBQ3gYTbHzDkZ1xOBwwg=="
    },
    "@vue/devtools-api": {
      "version": "6.0.0-beta.15",
      "resolved": "https://registry.npmjs.org/@vue/devtools-api/-/devtools-api-6.0.0-beta.15.tgz",
      "integrity": "sha512-quBx4Jjpexo6KDiNUGFr/zF/2A4srKM9S9v2uHgMXSU//hjgq1eGzqkIFql8T9gfX5ZaVOUzYBP3jIdIR3PKIA=="
    },
    "async-validator": {
      "version": "3.5.2",
      "resolved": "https://registry.npmjs.org/async-validator/-/async-validator-3.5.2.tgz",
      "integrity": "sha512-8eLCg00W9pIRZSB781UUX/H6Oskmm8xloZfr09lz5bikRpBVDlJ3hRVuxxP1SxcwsEYfJ4IU8Q19Y8/893r3rQ=="
    },
    "axios": {
      "version": "0.21.1",
      "resolved": "https://registry.npmjs.org/axios/-/axios-0.21.1.tgz",
      "integrity": "sha512-dKQiRHxGD9PPRIUNIWvZhPTPpl1rf/OxTYKsqKUDjBwYylTvV7SjSHJb9ratfyzM6wCdLCOYLzs73qpg5c4iGA==",
      "requires": {
        "follow-redirects": "^1.10.0"
      }
    },
    "date-fns": {
      "version": "2.22.1",
      "resolved": "https://registry.npmjs.org/date-fns/-/date-fns-2.22.1.tgz",
      "integrity": "sha512-yUFPQjrxEmIsMqlHhAhmxkuH769baF21Kk+nZwZGyrMoyLA+LugaQtC0+Tqf9CBUUULWwUJt6Q5ySI3LJDDCGg=="
    },
    "dayjs": {
      "version": "1.10.6",
      "resolved": "https://registry.npmjs.org/dayjs/-/dayjs-1.10.6.tgz",
      "integrity": "sha512-AztC/IOW4L1Q41A86phW5Thhcrco3xuAA+YX/BLpLWWjRcTj5TOt/QImBLmCKlrF7u7k47arTnOyL6GnbG8Hvw=="
    },
    "element-plus": {
      "version": "1.0.2-beta.55",
      "resolved": "https://registry.npmjs.org/element-plus/-/element-plus-1.0.2-beta.55.tgz",
      "integrity": "sha512-I9EYxOA5H9KQ58SpFE0yejGPoAd3ui12wRLLtoS2bHdF9mrep5c6v+2cJwyc9abXGBf2RzZ8tqAp/OCCfdzjlQ==",
      "requires": {
        "@popperjs/core": "^2.4.4",
        "@types/lodash": "^4.14.161",
        "async-validator": "^3.4.0",
        "dayjs": "1.x",
        "lodash": "^4.17.20",
        "mitt": "^2.1.0",
        "normalize-wheel": "^1.0.1",
        "resize-observer-polyfill": "^1.5.1"
      }
    },
    "follow-redirects": {
      "version": "1.14.1",
      "resolved": "https://registry.npmjs.org/follow-redirects/-/follow-redirects-1.14.1.tgz",
      "integrity": "sha512-HWqDgT7ZEkqRzBvc2s64vSZ/hfOceEol3ac/7tKwzuvEyWx3/4UegXh5oBOIotkGsObyk3xznnSRVADBgWSQVg=="
    },
    "lodash": {
      "version": "4.17.21",
      "resolved": "https://registry.npmjs.org/lodash/-/lodash-4.17.21.tgz",
      "integrity": "sha512-v2kDEe57lecTulaDIuNTPy3Ry4gLGJ6Z1O3vE1krgXZNrsQ+LFTGHVxVjcXPs17LhbZVGedAJv8XZ1tvj5FvSg=="
    },
    "mitt": {
      "version": "2.1.0",
      "resolved": "https://registry.npmjs.org/mitt/-/mitt-2.1.0.tgz",
      "integrity": "sha512-ILj2TpLiysu2wkBbWjAmww7TkZb65aiQO+DkVdUTBpBXq+MHYiETENkKFMtsJZX1Lf4pe4QOrTSjIfUwN5lRdg=="
    },
    "normalize-wheel": {
      "version": "1.0.1",
      "resolved": "https://registry.npmjs.org/normalize-wheel/-/normalize-wheel-1.0.1.tgz",
      "integrity": "sha1-rsiGr/2wRQcNhWRH32Ls+GFG7EU="
    },
    "resize-observer-polyfill": {
      "version": "1.5.1",
      "resolved": "https://registry.npmjs.org/resize-observer-polyfill/-/resize-observer-polyfill-1.5.1.tgz",
      "integrity": "sha512-LwZrotdHOo12nQuZlHEmtuXdqGoOD0OhaxopaNFxWzInpEgaLWoVuAMbTzixuosCx2nEG58ngzW3vxdWoxIgdg=="
    },
    "vue-router": {
      "version": "4.0.10",
      "resolved": "https://registry.npmjs.org/vue-router/-/vue-router-4.0.10.tgz",
      "integrity": "sha512-YbPf6QnZpyyWfnk7CUt2Bme+vo7TLfg1nGZNkvYqKYh4vLaFw6Gn8bPGdmt5m4qrGnKoXLqc4htAsd3dIukICA==",
      "requires": {
        "@vue/devtools-api": "^6.0.0-beta.14"
      }
    }
  }
}
